
Microsoft Visual Studio Solution File, Format Version 12.00
# Visual Studio 15
VisualStudioVersion = 15.0.27130.2024
MinimumVisualStudioVersion = 10.0.40219.1
Project("{9A19103F-16F7-4668-BE54-9A1E7A4F7556}") = "Husky.AspNetCore.SyntacticSugar", "src\Husky.AspNetCore.SyntacticSugar\Husky.AspNetCore.SyntacticSugar.csproj", "{AD6318C8-B2B0-4739-A96F-EEB8A97A2769}"
EndProject
Project("{9A19103F-16F7-4668-BE54-9A1E7A4F7556}") = "Husky.AspNetCore.Principal", "src\Husky.AspNetCore.Principal\Husky.AspNetCore.Principal.csproj", "{A64B3FE1-25F0-4860-8925-108C7F00E5FB}"
EndProject
Project("{9A19103F-16F7-4668-BE54-9A1E7A4F7556}") = "Husky.AspNetCore.Principal.SessionData", "src\Husky.AspNetCore.Principal.SessionData\Husky.AspNetCore.Principal.SessionData.csproj", "{29D64A3F-3FB1-4856-B274-8DAB2FE8AD38}"
EndProject
Project("{FAE04EC0-301F-11D3-BF4B-00C04F79EFBC}") = "Husky.AspNetCore.DataAudit", "src\Husky.AspNetCore.DataAudit\Husky.AspNetCore.DataAudit.csproj", "{AC438400-6285-41C4-9207-05AD2C953C9F}"
EndProject
Project("{FAE04EC0-301F-11D3-BF4B-00C04F79EFBC}") = "Husky.AspNetCore.Diagnostics", "src\Husky.AspNetCore.Diagnostics\Husky.AspNetCore.Diagnostics.csproj", "{5FDCBC98-8A24-4DCF-A332-F7BC1D125A2A}"
EndProject
Project("{FAE04EC0-301F-11D3-BF4B-00C04F79EFBC}") = "Husky.AspNetCore.TwoFactor", "src\Husky.AspNetCore.TwoFactor\Husky.AspNetCore.TwoFactor.csproj", "{E3713A9A-0ED3-4624-8B12-F90A71EAF6F6}"
EndProject
Project("{FAE04EC0-301F-11D3-BF4B-00C04F79EFBC}") = "Husky.AspNetCore.Mail", "src\Husky.AspNetCore.Mail\Husky.AspNetCore.Mail.csproj", "{F85DAD4C-F8B2-4FC4-A417-27398B02AFC6}"
EndProject
Project("{FAE04EC0-301F-11D3-BF4B-00C04F79EFBC}") = "Huky.AspNetCore.AliyunSms", "src\Huky.AspNetCore.AliyunSms\Huky.AspNetCore.AliyunSms.csproj", "{74F75227-8128-4CB8-A3A6-FD2156EA61D7}"
EndProject
Global
	GlobalSection(SolutionConfigurationPlatforms) = preSolution
		Debug|Any CPU = Debug|Any CPU
		Release|Any CPU = Release|Any CPU
	EndGlobalSection
	GlobalSection(ProjectConfigurationPlatforms) = postSolution
		{AD6318C8-B2B0-4739-A96F-EEB8A97A2769}.Debug|Any CPU.ActiveCfg = Debug|Any CPU
		{AD6318C8-B2B0-4739-A96F-EEB8A97A2769}.Debug|Any CPU.Build.0 = Debug|Any CPU
		{AD6318C8-B2B0-4739-A96F-EEB8A97A2769}.Release|Any CPU.ActiveCfg = Release|Any CPU
		{AD6318C8-B2B0-4739-A96F-EEB8A97A2769}.Release|Any CPU.Build.0 = Release|Any CPU
		{A64B3FE1-25F0-4860-8925-108C7F00E5FB}.Debug|Any CPU.ActiveCfg = Debug|Any CPU
		{A64B3FE1-25F0-4860-8925-108C7F00E5FB}.Debug|Any CPU.Build.0 = Debug|Any CPU
		{A64B3FE1-25F0-4860-8925-108C7F00E5FB}.Release|Any CPU.ActiveCfg = Release|Any CPU
		{A64B3FE1-25F0-4860-8925-108C7F00E5FB}.Release|Any CPU.Build.0 = Release|Any CPU
		{29D64A3F-3FB1-4856-B274-8DAB2FE8AD38}.Debug|Any CPU.ActiveCfg = Debug|Any CPU
		{29D64A3F-3FB1-4856-B274-8DAB2FE8AD38}.Debug|Any CPU.Build.0 = Debug|Any CPU
		{29D64A3F-3FB1-4856-B274-8DAB2FE8AD38}.Release|Any CPU.ActiveCfg = Release|Any CPU
		{29D64A3F-3FB1-4856-B274-8DAB2FE8AD38}.Release|Any CPU.Build.0 = Release|Any CPU
		{AC438400-6285-41C4-9207-05AD2C953C9F}.Debug|Any CPU.ActiveCfg = Debug|Any CPU
		{AC438400-6285-41C4-9207-05AD2C953C9F}.Debug|Any CPU.Build.0 = Debug|Any CPU
		{AC438400-6285-41C4-9207-05AD2C953C9F}.Release|Any CPU.ActiveCfg = Release|Any CPU
		{AC438400-6285-41C4-9207-05AD2C953C9F}.Release|Any CPU.Build.0 = Release|Any CPU
		{5FDCBC98-8A24-4DCF-A332-F7BC1D125A2A}.Debug|Any CPU.ActiveCfg = Debug|Any CPU
		{5FDCBC98-8A24-4DCF-A332-F7BC1D125A2A}.Debug|Any CPU.Build.0 = Debug|Any CPU
		{5FDCBC98-8A24-4DCF-A332-F7BC1D125A2A}.Release|Any CPU.ActiveCfg = Release|Any CPU
		{5FDCBC98-8A24-4DCF-A332-F7BC1D125A2A}.Release|Any CPU.Build.0 = Release|Any CPU
		{E3713A9A-0ED3-4624-8B12-F90A71EAF6F6}.Debug|Any CPU.ActiveCfg = Debug|Any CPU
		{E3713A9A-0ED3-4624-8B12-F90A71EAF6F6}.Debug|Any CPU.Build.0 = Debug|Any CPU
		{E3713A9A-0ED3-4624-8B12-F90A71EAF6F6}.Release|Any CPU.ActiveCfg = Release|Any CPU
		{E3713A9A-0ED3-4624-8B12-F90A71EAF6F6}.Release|Any CPU.Build.0 = Release|Any CPU
		{F85DAD4C-F8B2-4FC4-A417-27398B02AFC6}.Debug|Any CPU.ActiveCfg = Debug|Any CPU
		{F85DAD4C-F8B2-4FC4-A417-27398B02AFC6}.Debug|Any CPU.Build.0 = Debug|Any CPU
		{F85DAD4C-F8B2-4FC4-A417-27398B02AFC6}.Release|Any CPU.ActiveCfg = Release|Any CPU
		{F85DAD4C-F8B2-4FC4-A417-27398B02AFC6}.Release|Any CPU.Build.0 = Release|Any CPU
		{74F75227-8128-4CB8-A3A6-FD2156EA61D7}.Debug|Any CPU.ActiveCfg = Debug|Any CPU
		{74F75227-8128-4CB8-A3A6-FD2156EA61D7}.Debug|Any CPU.Build.0 = Debug|Any CPU
		{74F75227-8128-4CB8-A3A6-FD2156EA61D7}.Release|Any CPU.ActiveCfg = Release|Any CPU
		{74F75227-8128-4CB8-A3A6-FD2156EA61D7}.Release|Any CPU.Build.0 = Release|Any CPU
	EndGlobalSection
	GlobalSection(SolutionProperties) = preSolution
		HideSolutionNode = FALSE
	EndGlobalSection
	GlobalSection(ExtensibilityGlobals) = postSolution
		SolutionGuid = {68F86E70-EE36-411F-91AC-C355F0DB2934}
	EndGlobalSection
EndGlobal
