
Microsoft Visual Studio Solution File, Format Version 12.00
# Visual Studio Version 16
VisualStudioVersion = 16.0.28729.10
MinimumVisualStudioVersion = 10.0.40219.1
Project("{9A19103F-16F7-4668-BE54-9A1E7A4F7556}") = "Husky.Helpers", "src\Husky.Helpers\Husky.Helpers.csproj", "{AD6318C8-B2B0-4739-A96F-EEB8A97A2769}"
EndProject
Project("{9A19103F-16F7-4668-BE54-9A1E7A4F7556}") = "Husky.Principal", "src\Husky.Principal\Husky.Principal.csproj", "{A64B3FE1-25F0-4860-8925-108C7F00E5FB}"
EndProject
Project("{9A19103F-16F7-4668-BE54-9A1E7A4F7556}") = "Husky.Principal.CacheData", "src\Husky.Principal.CacheData\Husky.Principal.CacheData.csproj", "{29D64A3F-3FB1-4856-B274-8DAB2FE8AD38}"
EndProject
Project("{9A19103F-16F7-4668-BE54-9A1E7A4F7556}") = "Husky.DataAudit", "src\Husky.DataAudit\Husky.DataAudit.csproj", "{AC438400-6285-41C4-9207-05AD2C953C9F}"
EndProject
Project("{9A19103F-16F7-4668-BE54-9A1E7A4F7556}") = "Husky.Diagnostics", "src\Husky.Diagnostics\Husky.Diagnostics.csproj", "{5FDCBC98-8A24-4DCF-A332-F7BC1D125A2A}"
EndProject
Project("{9A19103F-16F7-4668-BE54-9A1E7A4F7556}") = "Husky.TwoFactor", "src\Husky.TwoFactor\Husky.TwoFactor.csproj", "{E3713A9A-0ED3-4624-8B12-F90A71EAF6F6}"
EndProject
Project("{9A19103F-16F7-4668-BE54-9A1E7A4F7556}") = "Husky.Mail", "src\Husky.Mail\Husky.Mail.csproj", "{F85DAD4C-F8B2-4FC4-A417-27398B02AFC6}"
EndProject
Project("{9A19103F-16F7-4668-BE54-9A1E7A4F7556}") = "Husky.AliyunSms", "src\Husky.AliyunSms\Husky.AliyunSms.csproj", "{74F75227-8128-4CB8-A3A6-FD2156EA61D7}"
EndProject
Project("{9A19103F-16F7-4668-BE54-9A1E7A4F7556}") = "Husky.QQLbs", "src\Husky.QQLbs\Husky.QQLbs.csproj", "{BEE39CF0-7FDD-4584-8769-127C04CB9749}"
EndProject
Project("{9A19103F-16F7-4668-BE54-9A1E7A4F7556}") = "Husky.KeyValues", "src\Husky.KeyValues\Husky.KeyValues.csproj", "{DF32760A-2326-40AA-935E-17E377A690DF}"
EndProject
Project("{9A19103F-16F7-4668-BE54-9A1E7A4F7556}") = "Husky.GridQuery", "src\Husky.GridQuery\Husky.GridQuery.csproj", "{22A627A8-F715-4189-9A29-986A108B0AC2}"
EndProject
Project("{9A19103F-16F7-4668-BE54-9A1E7A4F7556}") = "Husky.Html", "src\Husky.Html\Husky.Html.csproj", "{26B38E9E-F9CE-43DD-BA39-716AF092551C}"
EndProject
Project("{9A19103F-16F7-4668-BE54-9A1E7A4F7556}") = "Husky.WeChatIntegration", "src\Husky.WeChatIntegration\Husky.WeChatIntegration.csproj", "{008D5928-AE73-42F8-BEFE-B919CDCF6D70}"
EndProject
Project("{2150E333-8FDC-42A3-9474-1A3956D46DE8}") = "1. Tests", "1. Tests", "{FF52C040-869B-47F4-B5FF-C0DF5070D4ED}"
EndProject
Project("{9A19103F-16F7-4668-BE54-9A1E7A4F7556}") = "Husky.AliyunSms.Tests", "tests\Husky.AliyunSms.Tests\Husky.AliyunSms.Tests.csproj", "{AB43E4DC-DF88-4A8F-A1CE-E0AB86DC6E0B}"
EndProject
Project("{9A19103F-16F7-4668-BE54-9A1E7A4F7556}") = "Husky.Helpers.Tests", "tests\Husky.Helpers.Tests\Husky.Helpers.Tests.csproj", "{342342CB-2B12-469E-B85D-EF0EB19F9D8D}"
EndProject
Project("{9A19103F-16F7-4668-BE54-9A1E7A4F7556}") = "Husky.Diagnostics.Tests", "tests\Husky.Diagnostics.Tests\Husky.Diagnostics.Tests.csproj", "{5463CCB7-7BD6-4FC3-830B-88A99013D11C}"
EndProject
Project("{9A19103F-16F7-4668-BE54-9A1E7A4F7556}") = "Husky.QQLbs.Tests", "tests\Husky.QQLbs.Tests\Husky.QQLbs.Tests.csproj", "{7CC7474B-F970-42EC-B029-F0CA777D788E}"
EndProject
Project("{9A19103F-16F7-4668-BE54-9A1E7A4F7556}") = "Husky.Mail.Tests", "tests\Husky.Mail.Tests\Husky.Mail.Tests.csproj", "{36F21E21-9911-4308-A30D-BED255253D7A}"
EndProject
Project("{9A19103F-16F7-4668-BE54-9A1E7A4F7556}") = "Husky.Principal.Tests", "tests\Husky.Principal.Tests\Husky.Principal.Tests.csproj", "{E86D1D0C-29B2-48A9-BB7F-159B9B069F82}"
EndProject
Project("{9A19103F-16F7-4668-BE54-9A1E7A4F7556}") = "Husky.Tests", "tests\Husky.Tests\Husky.Tests.csproj", "{C2904EFE-5429-4826-B1C6-74410C17ACC0}"
EndProject
Project("{9A19103F-16F7-4668-BE54-9A1E7A4F7556}") = "Husky.Alipay", "src\Husky.Alipay\Husky.Alipay.csproj", "{3AB5C1AE-EAD4-424C-A95D-26A7AF1F394A}"
EndProject
Project("{9A19103F-16F7-4668-BE54-9A1E7A4F7556}") = "Husky.Alipay.Tests", "tests\Husky.Alipay.Tests\Husky.Alipay.Tests.csproj", "{3892D705-1B0A-4409-8EF3-F99A3E07A148}"
EndProject
Project("{9A19103F-16F7-4668-BE54-9A1E7A4F7556}") = "Husky.WeChatIntegration.Tests", "tests\Husky.WeChatIntegration.Tests\Husky.WeChatIntegration.Tests.csproj", "{FC5742B8-0A23-408E-9CCB-48F6D14118C2}"
EndProject
Project("{2150E333-8FDC-42A3-9474-1A3956D46DE8}") = "2. UIOutput", "2. UIOutput", "{9E9A6BA6-07F5-42FC-9559-E55BD07E3E4C}"
EndProject
Project("{9A19103F-16F7-4668-BE54-9A1E7A4F7556}") = "Husky.Principal.Administration", "src\Husky.Principal.Administration\Husky.Principal.Administration.csproj", "{8AD67D26-A670-4FBB-B4ED-8D291E461C57}"
EndProject
Project("{9A19103F-16F7-4668-BE54-9A1E7A4F7556}") = "Husky.TwoFactor.Tests", "tests\Husky.TwoFactor.Tests\Husky.TwoFactor.Tests.csproj", "{0CD726C6-CE19-4B7F-9B45-463E42050AFF}"
EndProject
Project("{9A19103F-16F7-4668-BE54-9A1E7A4F7556}") = "Husky.Principal.Users", "src\Husky.Principal.Users\Husky.Principal.Users.csproj", "{5F316519-5794-4B82-B7E9-DB0DFF89B997}"
EndProject
Project("{9A19103F-16F7-4668-BE54-9A1E7A4F7556}") = "Husky.Principal.AntiViolence", "src\Husky.Principal.AntiViolence\Husky.Principal.AntiViolence.csproj", "{C8F19D33-33D7-4A0F-9CCA-51DB503CE526}"
EndProject
Project("{2150E333-8FDC-42A3-9474-1A3956D46DE8}") = "3. Services", "3. Services", "{8FE403B3-EB09-46A2-8EC6-8D702234CFE9}"
EndProject
Project("{2150E333-8FDC-42A3-9474-1A3956D46DE8}") = "4. Principal", "4. Principal", "{DD053C23-D07E-462D-8EC9-E47000E683FE}"
EndProject
Project("{2150E333-8FDC-42A3-9474-1A3956D46DE8}") = "0. TBD", "0. TBD", "{FC42D97B-C5F8-456F-AF6B-FE3EEE1AB784}"
EndProject
Project("{FAE04EC0-301F-11D3-BF4B-00C04F79EFBC}") = "Husky.Principal.CacheData.Tests", "tests\Husky.Principal.CacheData.Tests\Husky.Principal.CacheData.Tests.csproj", "{19656D18-EDF0-4102-A9FE-CE6A7DD37259}"
EndProject
Global
	GlobalSection(SolutionConfigurationPlatforms) = preSolution
		Debug|Any CPU = Debug|Any CPU
		Release|Any CPU = Release|Any CPU
	EndGlobalSection
	GlobalSection(ProjectConfigurationPlatforms) = postSolution
		{AD6318C8-B2B0-4739-A96F-EEB8A97A2769}.Debug|Any CPU.ActiveCfg = Debug|Any CPU
		{AD6318C8-B2B0-4739-A96F-EEB8A97A2769}.Debug|Any CPU.Build.0 = Debug|Any CPU
		{AD6318C8-B2B0-4739-A96F-EEB8A97A2769}.Release|Any CPU.ActiveCfg = Release|Any CPU
		{AD6318C8-B2B0-4739-A96F-EEB8A97A2769}.Release|Any CPU.Build.0 = Release|Any CPU
		{A64B3FE1-25F0-4860-8925-108C7F00E5FB}.Debug|Any CPU.ActiveCfg = Debug|Any CPU
		{A64B3FE1-25F0-4860-8925-108C7F00E5FB}.Debug|Any CPU.Build.0 = Debug|Any CPU
		{A64B3FE1-25F0-4860-8925-108C7F00E5FB}.Release|Any CPU.ActiveCfg = Release|Any CPU
		{A64B3FE1-25F0-4860-8925-108C7F00E5FB}.Release|Any CPU.Build.0 = Release|Any CPU
		{29D64A3F-3FB1-4856-B274-8DAB2FE8AD38}.Debug|Any CPU.ActiveCfg = Debug|Any CPU
		{29D64A3F-3FB1-4856-B274-8DAB2FE8AD38}.Debug|Any CPU.Build.0 = Debug|Any CPU
		{29D64A3F-3FB1-4856-B274-8DAB2FE8AD38}.Release|Any CPU.ActiveCfg = Release|Any CPU
		{29D64A3F-3FB1-4856-B274-8DAB2FE8AD38}.Release|Any CPU.Build.0 = Release|Any CPU
		{AC438400-6285-41C4-9207-05AD2C953C9F}.Debug|Any CPU.ActiveCfg = Debug|Any CPU
		{AC438400-6285-41C4-9207-05AD2C953C9F}.Debug|Any CPU.Build.0 = Debug|Any CPU
		{AC438400-6285-41C4-9207-05AD2C953C9F}.Release|Any CPU.ActiveCfg = Release|Any CPU
		{AC438400-6285-41C4-9207-05AD2C953C9F}.Release|Any CPU.Build.0 = Release|Any CPU
		{5FDCBC98-8A24-4DCF-A332-F7BC1D125A2A}.Debug|Any CPU.ActiveCfg = Debug|Any CPU
		{5FDCBC98-8A24-4DCF-A332-F7BC1D125A2A}.Debug|Any CPU.Build.0 = Debug|Any CPU
		{5FDCBC98-8A24-4DCF-A332-F7BC1D125A2A}.Release|Any CPU.ActiveCfg = Release|Any CPU
		{5FDCBC98-8A24-4DCF-A332-F7BC1D125A2A}.Release|Any CPU.Build.0 = Release|Any CPU
		{E3713A9A-0ED3-4624-8B12-F90A71EAF6F6}.Debug|Any CPU.ActiveCfg = Debug|Any CPU
		{E3713A9A-0ED3-4624-8B12-F90A71EAF6F6}.Debug|Any CPU.Build.0 = Debug|Any CPU
		{E3713A9A-0ED3-4624-8B12-F90A71EAF6F6}.Release|Any CPU.ActiveCfg = Release|Any CPU
		{E3713A9A-0ED3-4624-8B12-F90A71EAF6F6}.Release|Any CPU.Build.0 = Release|Any CPU
		{F85DAD4C-F8B2-4FC4-A417-27398B02AFC6}.Debug|Any CPU.ActiveCfg = Debug|Any CPU
		{F85DAD4C-F8B2-4FC4-A417-27398B02AFC6}.Debug|Any CPU.Build.0 = Debug|Any CPU
		{F85DAD4C-F8B2-4FC4-A417-27398B02AFC6}.Release|Any CPU.ActiveCfg = Release|Any CPU
		{F85DAD4C-F8B2-4FC4-A417-27398B02AFC6}.Release|Any CPU.Build.0 = Release|Any CPU
		{74F75227-8128-4CB8-A3A6-FD2156EA61D7}.Debug|Any CPU.ActiveCfg = Debug|Any CPU
		{74F75227-8128-4CB8-A3A6-FD2156EA61D7}.Debug|Any CPU.Build.0 = Debug|Any CPU
		{74F75227-8128-4CB8-A3A6-FD2156EA61D7}.Release|Any CPU.ActiveCfg = Release|Any CPU
		{74F75227-8128-4CB8-A3A6-FD2156EA61D7}.Release|Any CPU.Build.0 = Release|Any CPU
		{BEE39CF0-7FDD-4584-8769-127C04CB9749}.Debug|Any CPU.ActiveCfg = Debug|Any CPU
		{BEE39CF0-7FDD-4584-8769-127C04CB9749}.Debug|Any CPU.Build.0 = Debug|Any CPU
		{BEE39CF0-7FDD-4584-8769-127C04CB9749}.Release|Any CPU.ActiveCfg = Release|Any CPU
		{BEE39CF0-7FDD-4584-8769-127C04CB9749}.Release|Any CPU.Build.0 = Release|Any CPU
		{DF32760A-2326-40AA-935E-17E377A690DF}.Debug|Any CPU.ActiveCfg = Debug|Any CPU
		{DF32760A-2326-40AA-935E-17E377A690DF}.Debug|Any CPU.Build.0 = Debug|Any CPU
		{DF32760A-2326-40AA-935E-17E377A690DF}.Release|Any CPU.ActiveCfg = Release|Any CPU
		{DF32760A-2326-40AA-935E-17E377A690DF}.Release|Any CPU.Build.0 = Release|Any CPU
		{22A627A8-F715-4189-9A29-986A108B0AC2}.Debug|Any CPU.ActiveCfg = Debug|Any CPU
		{22A627A8-F715-4189-9A29-986A108B0AC2}.Debug|Any CPU.Build.0 = Debug|Any CPU
		{22A627A8-F715-4189-9A29-986A108B0AC2}.Release|Any CPU.ActiveCfg = Release|Any CPU
		{22A627A8-F715-4189-9A29-986A108B0AC2}.Release|Any CPU.Build.0 = Release|Any CPU
		{26B38E9E-F9CE-43DD-BA39-716AF092551C}.Debug|Any CPU.ActiveCfg = Debug|Any CPU
		{26B38E9E-F9CE-43DD-BA39-716AF092551C}.Debug|Any CPU.Build.0 = Debug|Any CPU
		{26B38E9E-F9CE-43DD-BA39-716AF092551C}.Release|Any CPU.ActiveCfg = Release|Any CPU
		{26B38E9E-F9CE-43DD-BA39-716AF092551C}.Release|Any CPU.Build.0 = Release|Any CPU
		{008D5928-AE73-42F8-BEFE-B919CDCF6D70}.Debug|Any CPU.ActiveCfg = Debug|Any CPU
		{008D5928-AE73-42F8-BEFE-B919CDCF6D70}.Debug|Any CPU.Build.0 = Debug|Any CPU
		{008D5928-AE73-42F8-BEFE-B919CDCF6D70}.Release|Any CPU.ActiveCfg = Release|Any CPU
		{008D5928-AE73-42F8-BEFE-B919CDCF6D70}.Release|Any CPU.Build.0 = Release|Any CPU
		{AB43E4DC-DF88-4A8F-A1CE-E0AB86DC6E0B}.Debug|Any CPU.ActiveCfg = Debug|Any CPU
		{AB43E4DC-DF88-4A8F-A1CE-E0AB86DC6E0B}.Debug|Any CPU.Build.0 = Debug|Any CPU
		{AB43E4DC-DF88-4A8F-A1CE-E0AB86DC6E0B}.Release|Any CPU.ActiveCfg = Release|Any CPU
		{AB43E4DC-DF88-4A8F-A1CE-E0AB86DC6E0B}.Release|Any CPU.Build.0 = Release|Any CPU
		{342342CB-2B12-469E-B85D-EF0EB19F9D8D}.Debug|Any CPU.ActiveCfg = Debug|Any CPU
		{342342CB-2B12-469E-B85D-EF0EB19F9D8D}.Debug|Any CPU.Build.0 = Debug|Any CPU
		{342342CB-2B12-469E-B85D-EF0EB19F9D8D}.Release|Any CPU.ActiveCfg = Release|Any CPU
		{342342CB-2B12-469E-B85D-EF0EB19F9D8D}.Release|Any CPU.Build.0 = Release|Any CPU
		{5463CCB7-7BD6-4FC3-830B-88A99013D11C}.Debug|Any CPU.ActiveCfg = Debug|Any CPU
		{5463CCB7-7BD6-4FC3-830B-88A99013D11C}.Debug|Any CPU.Build.0 = Debug|Any CPU
		{5463CCB7-7BD6-4FC3-830B-88A99013D11C}.Release|Any CPU.ActiveCfg = Release|Any CPU
		{5463CCB7-7BD6-4FC3-830B-88A99013D11C}.Release|Any CPU.Build.0 = Release|Any CPU
		{7CC7474B-F970-42EC-B029-F0CA777D788E}.Debug|Any CPU.ActiveCfg = Debug|Any CPU
		{7CC7474B-F970-42EC-B029-F0CA777D788E}.Debug|Any CPU.Build.0 = Debug|Any CPU
		{7CC7474B-F970-42EC-B029-F0CA777D788E}.Release|Any CPU.ActiveCfg = Release|Any CPU
		{7CC7474B-F970-42EC-B029-F0CA777D788E}.Release|Any CPU.Build.0 = Release|Any CPU
		{36F21E21-9911-4308-A30D-BED255253D7A}.Debug|Any CPU.ActiveCfg = Debug|Any CPU
		{36F21E21-9911-4308-A30D-BED255253D7A}.Debug|Any CPU.Build.0 = Debug|Any CPU
		{36F21E21-9911-4308-A30D-BED255253D7A}.Release|Any CPU.ActiveCfg = Release|Any CPU
		{36F21E21-9911-4308-A30D-BED255253D7A}.Release|Any CPU.Build.0 = Release|Any CPU
		{E86D1D0C-29B2-48A9-BB7F-159B9B069F82}.Debug|Any CPU.ActiveCfg = Debug|Any CPU
		{E86D1D0C-29B2-48A9-BB7F-159B9B069F82}.Debug|Any CPU.Build.0 = Debug|Any CPU
		{E86D1D0C-29B2-48A9-BB7F-159B9B069F82}.Release|Any CPU.ActiveCfg = Release|Any CPU
		{E86D1D0C-29B2-48A9-BB7F-159B9B069F82}.Release|Any CPU.Build.0 = Release|Any CPU
		{C2904EFE-5429-4826-B1C6-74410C17ACC0}.Debug|Any CPU.ActiveCfg = Debug|Any CPU
		{C2904EFE-5429-4826-B1C6-74410C17ACC0}.Debug|Any CPU.Build.0 = Debug|Any CPU
		{C2904EFE-5429-4826-B1C6-74410C17ACC0}.Release|Any CPU.ActiveCfg = Release|Any CPU
		{C2904EFE-5429-4826-B1C6-74410C17ACC0}.Release|Any CPU.Build.0 = Release|Any CPU
		{3AB5C1AE-EAD4-424C-A95D-26A7AF1F394A}.Debug|Any CPU.ActiveCfg = Debug|Any CPU
		{3AB5C1AE-EAD4-424C-A95D-26A7AF1F394A}.Debug|Any CPU.Build.0 = Debug|Any CPU
		{3AB5C1AE-EAD4-424C-A95D-26A7AF1F394A}.Release|Any CPU.ActiveCfg = Release|Any CPU
		{3AB5C1AE-EAD4-424C-A95D-26A7AF1F394A}.Release|Any CPU.Build.0 = Release|Any CPU
		{3892D705-1B0A-4409-8EF3-F99A3E07A148}.Debug|Any CPU.ActiveCfg = Debug|Any CPU
		{3892D705-1B0A-4409-8EF3-F99A3E07A148}.Debug|Any CPU.Build.0 = Debug|Any CPU
		{3892D705-1B0A-4409-8EF3-F99A3E07A148}.Release|Any CPU.ActiveCfg = Release|Any CPU
		{3892D705-1B0A-4409-8EF3-F99A3E07A148}.Release|Any CPU.Build.0 = Release|Any CPU
		{FC5742B8-0A23-408E-9CCB-48F6D14118C2}.Debug|Any CPU.ActiveCfg = Debug|Any CPU
		{FC5742B8-0A23-408E-9CCB-48F6D14118C2}.Debug|Any CPU.Build.0 = Debug|Any CPU
		{FC5742B8-0A23-408E-9CCB-48F6D14118C2}.Release|Any CPU.ActiveCfg = Release|Any CPU
		{FC5742B8-0A23-408E-9CCB-48F6D14118C2}.Release|Any CPU.Build.0 = Release|Any CPU
		{8AD67D26-A670-4FBB-B4ED-8D291E461C57}.Debug|Any CPU.ActiveCfg = Debug|Any CPU
		{8AD67D26-A670-4FBB-B4ED-8D291E461C57}.Debug|Any CPU.Build.0 = Debug|Any CPU
		{8AD67D26-A670-4FBB-B4ED-8D291E461C57}.Release|Any CPU.ActiveCfg = Release|Any CPU
		{8AD67D26-A670-4FBB-B4ED-8D291E461C57}.Release|Any CPU.Build.0 = Release|Any CPU
		{0CD726C6-CE19-4B7F-9B45-463E42050AFF}.Debug|Any CPU.ActiveCfg = Debug|Any CPU
		{0CD726C6-CE19-4B7F-9B45-463E42050AFF}.Debug|Any CPU.Build.0 = Debug|Any CPU
		{0CD726C6-CE19-4B7F-9B45-463E42050AFF}.Release|Any CPU.ActiveCfg = Release|Any CPU
		{0CD726C6-CE19-4B7F-9B45-463E42050AFF}.Release|Any CPU.Build.0 = Release|Any CPU
		{5F316519-5794-4B82-B7E9-DB0DFF89B997}.Debug|Any CPU.ActiveCfg = Debug|Any CPU
		{5F316519-5794-4B82-B7E9-DB0DFF89B997}.Debug|Any CPU.Build.0 = Debug|Any CPU
		{5F316519-5794-4B82-B7E9-DB0DFF89B997}.Release|Any CPU.ActiveCfg = Release|Any CPU
		{5F316519-5794-4B82-B7E9-DB0DFF89B997}.Release|Any CPU.Build.0 = Release|Any CPU
		{C8F19D33-33D7-4A0F-9CCA-51DB503CE526}.Debug|Any CPU.ActiveCfg = Debug|Any CPU
		{C8F19D33-33D7-4A0F-9CCA-51DB503CE526}.Debug|Any CPU.Build.0 = Debug|Any CPU
		{C8F19D33-33D7-4A0F-9CCA-51DB503CE526}.Release|Any CPU.ActiveCfg = Release|Any CPU
		{C8F19D33-33D7-4A0F-9CCA-51DB503CE526}.Release|Any CPU.Build.0 = Release|Any CPU
		{19656D18-EDF0-4102-A9FE-CE6A7DD37259}.Debug|Any CPU.ActiveCfg = Debug|Any CPU
		{19656D18-EDF0-4102-A9FE-CE6A7DD37259}.Debug|Any CPU.Build.0 = Debug|Any CPU
		{19656D18-EDF0-4102-A9FE-CE6A7DD37259}.Release|Any CPU.ActiveCfg = Release|Any CPU
		{19656D18-EDF0-4102-A9FE-CE6A7DD37259}.Release|Any CPU.Build.0 = Release|Any CPU
	EndGlobalSection
	GlobalSection(SolutionProperties) = preSolution
		HideSolutionNode = FALSE
	EndGlobalSection
	GlobalSection(NestedProjects) = preSolution
		{A64B3FE1-25F0-4860-8925-108C7F00E5FB} = {DD053C23-D07E-462D-8EC9-E47000E683FE}
		{29D64A3F-3FB1-4856-B274-8DAB2FE8AD38} = {DD053C23-D07E-462D-8EC9-E47000E683FE}
		{AC438400-6285-41C4-9207-05AD2C953C9F} = {FC42D97B-C5F8-456F-AF6B-FE3EEE1AB784}
		{5FDCBC98-8A24-4DCF-A332-F7BC1D125A2A} = {8FE403B3-EB09-46A2-8EC6-8D702234CFE9}
		{E3713A9A-0ED3-4624-8B12-F90A71EAF6F6} = {8FE403B3-EB09-46A2-8EC6-8D702234CFE9}
		{F85DAD4C-F8B2-4FC4-A417-27398B02AFC6} = {8FE403B3-EB09-46A2-8EC6-8D702234CFE9}
		{74F75227-8128-4CB8-A3A6-FD2156EA61D7} = {8FE403B3-EB09-46A2-8EC6-8D702234CFE9}
		{BEE39CF0-7FDD-4584-8769-127C04CB9749} = {8FE403B3-EB09-46A2-8EC6-8D702234CFE9}
		{DF32760A-2326-40AA-935E-17E377A690DF} = {8FE403B3-EB09-46A2-8EC6-8D702234CFE9}
		{22A627A8-F715-4189-9A29-986A108B0AC2} = {9E9A6BA6-07F5-42FC-9559-E55BD07E3E4C}
		{26B38E9E-F9CE-43DD-BA39-716AF092551C} = {9E9A6BA6-07F5-42FC-9559-E55BD07E3E4C}
		{008D5928-AE73-42F8-BEFE-B919CDCF6D70} = {8FE403B3-EB09-46A2-8EC6-8D702234CFE9}
		{AB43E4DC-DF88-4A8F-A1CE-E0AB86DC6E0B} = {FF52C040-869B-47F4-B5FF-C0DF5070D4ED}
		{342342CB-2B12-469E-B85D-EF0EB19F9D8D} = {FF52C040-869B-47F4-B5FF-C0DF5070D4ED}
		{5463CCB7-7BD6-4FC3-830B-88A99013D11C} = {FF52C040-869B-47F4-B5FF-C0DF5070D4ED}
		{7CC7474B-F970-42EC-B029-F0CA777D788E} = {FF52C040-869B-47F4-B5FF-C0DF5070D4ED}
		{36F21E21-9911-4308-A30D-BED255253D7A} = {FF52C040-869B-47F4-B5FF-C0DF5070D4ED}
		{E86D1D0C-29B2-48A9-BB7F-159B9B069F82} = {FF52C040-869B-47F4-B5FF-C0DF5070D4ED}
		{C2904EFE-5429-4826-B1C6-74410C17ACC0} = {FF52C040-869B-47F4-B5FF-C0DF5070D4ED}
		{3AB5C1AE-EAD4-424C-A95D-26A7AF1F394A} = {8FE403B3-EB09-46A2-8EC6-8D702234CFE9}
		{3892D705-1B0A-4409-8EF3-F99A3E07A148} = {FF52C040-869B-47F4-B5FF-C0DF5070D4ED}
		{FC5742B8-0A23-408E-9CCB-48F6D14118C2} = {FF52C040-869B-47F4-B5FF-C0DF5070D4ED}
		{8AD67D26-A670-4FBB-B4ED-8D291E461C57} = {DD053C23-D07E-462D-8EC9-E47000E683FE}
		{0CD726C6-CE19-4B7F-9B45-463E42050AFF} = {FF52C040-869B-47F4-B5FF-C0DF5070D4ED}
		{5F316519-5794-4B82-B7E9-DB0DFF89B997} = {DD053C23-D07E-462D-8EC9-E47000E683FE}
		{C8F19D33-33D7-4A0F-9CCA-51DB503CE526} = {DD053C23-D07E-462D-8EC9-E47000E683FE}
		{19656D18-EDF0-4102-A9FE-CE6A7DD37259} = {FF52C040-869B-47F4-B5FF-C0DF5070D4ED}
	EndGlobalSection
	GlobalSection(ExtensibilityGlobals) = postSolution
		SolutionGuid = {68F86E70-EE36-411F-91AC-C355F0DB2934}
	EndGlobalSection
EndGlobal
